// !$*UTF8*$!
{
	archiveVersion = 1;
	classes = {
	};
	objectVersion = 46;
	objects = {

/* Begin PBXBuildFile section */
		820AF5D61CC6DDED008698D7 /* UvaClient.m in Sources */ = {isa = PBXBuildFile; fileRef = 820AF5D51CC6DDED008698D7 /* UvaClient.m */; settings = {ASSET_TAGS = (); }; };
		820AF5D81CC6E726008698D7 /* Util.m in Sources */ = {isa = PBXBuildFile; fileRef = 820AF5D71CC6E726008698D7 /* Util.m */; settings = {ASSET_TAGS = (); }; };
		820AF5DC1CC6E7DB008698D7 /* View.m in Sources */ = {isa = PBXBuildFile; fileRef = 820AF5DB1CC6E7DB008698D7 /* View.m */; settings = {ASSET_TAGS = (); }; };
		82CD7DB51CC5443F00E0D715 /* main.m in Sources */ = {isa = PBXBuildFile; fileRef = 82CD7DB41CC5443F00E0D715 /* main.m */; };
/* End PBXBuildFile section */

/* Begin PBXCopyFilesBuildPhase section */
		82CD7DAF1CC5443F00E0D715 /* CopyFiles */ = {
			isa = PBXCopyFilesBuildPhase;
			buildActionMask = 2147483647;
			dstPath = /usr/share/man/man1/;
			dstSubfolderSpec = 0;
			files = (
			);
			runOnlyForDeploymentPostprocessing = 1;
		};
/* End PBXCopyFilesBuildPhase section */

/* Begin PBXFileReference section */
		820AF5D41CC6DDDB008698D7 /* UvaClient.h */ = {isa = PBXFileReference; lastKnownFileType = sourcecode.c.h; path = UvaClient.h; sourceTree = "<group>"; };
		820AF5D51CC6DDED008698D7 /* UvaClient.m */ = {isa = PBXFileReference; fileEncoding = 4; lastKnownFileType = sourcecode.c.objc; path = UvaClient.m; sourceTree = "<group>"; };
		820AF5D71CC6E726008698D7 /* Util.m */ = {isa = PBXFileReference; fileEncoding = 4; lastKnownFileType = sourcecode.c.objc; path = Util.m; sourceTree = "<group>"; };
		820AF5D91CC6E730008698D7 /* Util.h */ = {isa = PBXFileReference; lastKnownFileType = sourcecode.c.h; path = Util.h; sourceTree = "<group>"; };
		820AF5DA1CC6E7A4008698D7 /* View.h */ = {isa = PBXFileReference; lastKnownFileType = sourcecode.c.h; path = View.h; sourceTree = "<group>"; };
		820AF5DB1CC6E7DB008698D7 /* View.m */ = {isa = PBXFileReference; fileEncoding = 4; lastKnownFileType = sourcecode.c.objc; path = View.m; sourceTree = "<group>"; };
		82221F3E1CC88089005A0683 /* Constants */ = {isa = PBXFileReference; lastKnownFileType = folder; path = Constants; sourceTree = "<group>"; };
		82221F3F1CC881F8005A0683 /* Application */ = {isa = PBXFileReference; lastKnownFileType = folder; path = Application; sourceTree = "<group>"; };
		82CD7DB11CC5443F00E0D715 /* iterm */ = {isa = PBXFileReference; explicitFileType = "compiled.mach-o.executable"; includeInIndex = 0; path = iterm; sourceTree = BUILT_PRODUCTS_DIR; };
		82CD7DB41CC5443F00E0D715 /* main.m */ = {isa = PBXFileReference; lastKnownFileType = sourcecode.c.objc; path = main.m; sourceTree = "<group>"; };
/* End PBXFileReference section */

/* Begin PBXFrameworksBuildPhase section */
		82CD7DAE1CC5443F00E0D715 /* Frameworks */ = {
			isa = PBXFrameworksBuildPhase;
			buildActionMask = 2147483647;
			files = (
			);
			runOnlyForDeploymentPostprocessing = 0;
		};
/* End PBXFrameworksBuildPhase section */

/* Begin PBXGroup section */
		82CD7DA81CC5443F00E0D715 = {
			isa = PBXGroup;
			children = (
				82CD7DB31CC5443F00E0D715 /* iterm */,
				82CD7DB21CC5443F00E0D715 /* Products */,
			);
			sourceTree = "<group>";
		};
		82CD7DB21CC5443F00E0D715 /* Products */ = {
			isa = PBXGroup;
			children = (
				82CD7DB11CC5443F00E0D715 /* iterm */,
			);
			name = Products;
			sourceTree = "<group>";
		};
		82CD7DB31CC5443F00E0D715 /* iterm */ = {
			isa = PBXGroup;
			children = (
				82221F3F1CC881F8005A0683 /* Application */,
				82221F3E1CC88089005A0683 /* Constants */,
				82CD7DB41CC5443F00E0D715 /* main.m */,
				820AF5D41CC6DDDB008698D7 /* UvaClient.h */,
				820AF5D51CC6DDED008698D7 /* UvaClient.m */,
				820AF5D71CC6E726008698D7 /* Util.m */,
				820AF5D91CC6E730008698D7 /* Util.h */,
				820AF5DA1CC6E7A4008698D7 /* View.h */,
				820AF5DB1CC6E7DB008698D7 /* View.m */,
			);
			path = iterm;
			sourceTree = "<group>";
		};
/* End PBXGroup section */

/* Begin PBXNativeTarget section */
		82CD7DB01CC5443F00E0D715 /* iterm */ = {
			isa = PBXNativeTarget;
			buildConfigurationList = 82CD7DB81CC5443F00E0D715 /* Build configuration list for PBXNativeTarget "iterm" */;
			buildPhases = (
				82CD7DAD1CC5443F00E0D715 /* Sources */,
				82CD7DAE1CC5443F00E0D715 /* Frameworks */,
				82CD7DAF1CC5443F00E0D715 /* CopyFiles */,
			);
			buildRules = (
			);
			dependencies = (
			);
			name = iterm;
			productName = iterm;
			productReference = 82CD7DB11CC5443F00E0D715 /* iterm */;
			productType = "com.apple.product-type.tool";
		};
/* End PBXNativeTarget section */

/* Begin PBXProject section */
		82CD7DA91CC5443F00E0D715 /* Project object */ = {
			isa = PBXProject;
			attributes = {
				LastUpgradeCheck = 0700;
				ORGANIZATIONNAME = "Andres Pineda";
				TargetAttributes = {
					82CD7DB01CC5443F00E0D715 = {
						CreatedOnToolsVersion = 7.0;
					};
				};
			};
			buildConfigurationList = 82CD7DAC1CC5443F00E0D715 /* Build configuration list for PBXProject "iterm" */;
			compatibilityVersion = "Xcode 3.2";
			developmentRegion = English;
			hasScannedForEncodings = 0;
			knownRegions = (
				en,
			);
			mainGroup = 82CD7DA81CC5443F00E0D715;
			productRefGroup = 82CD7DB21CC5443F00E0D715 /* Products */;
			projectDirPath = "";
			projectRoot = "";
			targets = (
				82CD7DB01CC5443F00E0D715 /* iterm */,
			);
		};
/* End PBXProject section */

/* Begin PBXSourcesBuildPhase section */
		82CD7DAD1CC5443F00E0D715 /* Sources */ = {
			isa = PBXSourcesBuildPhase;
			buildActionMask = 2147483647;
			files = (
				820AF5DC1CC6E7DB008698D7 /* View.m in Sources */,
				82CD7DB51CC5443F00E0D715 /* main.m in Sources */,
				820AF5D61CC6DDED008698D7 /* UvaClient.m in Sources */,
				820AF5D81CC6E726008698D7 /* Util.m in Sources */,
			);
			runOnlyForDeploymentPostprocessing = 0;
		};
/* End PBXSourcesBuildPhase section */

/* Begin XCBuildConfiguration section */
		82CD7DB61CC5443F00E0D715 /* Debug */ = {
			isa = XCBuildConfiguration;
			buildSettings = {
				ALWAYS_SEARCH_USER_PATHS = NO;
				CLANG_CXX_LANGUAGE_STANDARD = "gnu++0x";
				CLANG_CXX_LIBRARY = "libc++";
				CLANG_ENABLE_MODULES = YES;
				CLANG_ENABLE_OBJC_ARC = YES;
				CLANG_WARN_BOOL_CONVERSION = YES;
				CLANG_WARN_CONSTANT_CONVERSION = YES;
				CLANG_WARN_DIRECT_OBJC_ISA_USAGE = YES_ERROR;
				CLANG_WARN_EMPTY_BODY = YES;
				CLANG_WARN_ENUM_CONVERSION = YES;
				CLANG_WARN_INT_CONVERSION = YES;
				CLANG_WARN_OBJC_ROOT_CLASS = YES_ERROR;
				CLANG_WARN_UNREACHABLE_CODE = YES;
				CLANG_WARN__DUPLICATE_METHOD_MATCH = YES;
				COPY_PHASE_STRIP = NO;
				DEBUG_INFORMATION_FORMAT = dwarf;
				ENABLE_STRICT_OBJC_MSGSEND = YES;
				ENABLE_TESTABILITY = YES;
				GCC_C_LANGUAGE_STANDARD = gnu99;
				GCC_DYNAMIC_NO_PIC = NO;
				GCC_NO_COMMON_BLOCKS = YES;
				GCC_OPTIMIZATION_LEVEL = 0;
				GCC_PREPROCESSOR_DEFINITIONS = (
					"DEBUG=1",
					"$(inherited)",
				);
				GCC_WARN_64_TO_32_BIT_CONVERSION = YES;
				GCC_WARN_ABOUT_RETURN_TYPE = YES_ERROR;
				GCC_WARN_UNDECLARED_SELECTOR = YES;
				GCC_WARN_UNINITIALIZED_AUTOS = YES_AGGRESSIVE;
				GCC_WARN_UNUSED_FUNCTION = YES;
				GCC_WARN_UNUSED_VARIABLE = YES;
				MACOSX_DEPLOYMENT_TARGET = 10.10;
				MTL_ENABLE_DEBUG_INFO = YES;
				ONLY_ACTIVE_ARCH = YES;
				SDKROOT = macosx;
			};
			name = Debug;
		};
		82CD7DB71CC5443F00E0D715 /* Release */ = {
			isa = XCBuildConfiguration;
			buildSettings = {
				ALWAYS_SEARCH_USER_PATHS = NO;
				CLANG_CXX_LANGUAGE_STANDARD = "gnu++0x";
				CLANG_CXX_LIBRARY = "libc++";
				CLANG_ENABLE_MODULES = YES;
				CLANG_ENABLE_OBJC_ARC = YES;
				CLANG_WARN_BOOL_CONVERSION = YES;
				CLANG_WARN_CONSTANT_CONVERSION = YES;
				CLANG_WARN_DIRECT_OBJC_ISA_USAGE = YES_ERROR;
				CLANG_WARN_EMPTY_BODY = YES;
				CLANG_WARN_ENUM_CONVERSION = YES;
				CLANG_WARN_INT_CONVERSION = YES;
				CLANG_WARN_OBJC_ROOT_CLASS = YES_ERROR;
				CLANG_WARN_UNREACHABLE_CODE = YES;
				CLANG_WARN__DUPLICATE_METHOD_MATCH = YES;
				COPY_PHASE_STRIP = NO;
				DEBUG_INFORMATION_FORMAT = "dwarf-with-dsym";
				ENABLE_NS_ASSERTIONS = NO;
				ENABLE_STRICT_OBJC_MSGSEND = YES;
				GCC_C_LANGUAGE_STANDARD = gnu99;
				GCC_NO_COMMON_BLOCKS = YES;
				GCC_WARN_64_TO_32_BIT_CONVERSION = YES;
				GCC_WARN_ABOUT_RETURN_TYPE = YES_ERROR;
				GCC_WARN_UNDECLARED_SELECTOR = YES;
				GCC_WARN_UNINITIALIZED_AUTOS = YES_AGGRESSIVE;
				GCC_WARN_UNUSED_FUNCTION = YES;
				GCC_WARN_UNUSED_VARIABLE = YES;
				MACOSX_DEPLOYMENT_TARGET = 10.10;
				MTL_ENABLE_DEBUG_INFO = NO;
				SDKROOT = macosx;
			};
			name = Release;
		};
		82CD7DB91CC5443F00E0D715 /* Debug */ = {
			isa = XCBuildConfiguration;
			buildSettings = {
				PRODUCT_NAME = "$(TARGET_NAME)";
			};
			name = Debug;
		};
		82CD7DBA1CC5443F00E0D715 /* Release */ = {
			isa = XCBuildConfiguration;
			buildSettings = {
				PRODUCT_NAME = "$(TARGET_NAME)";
			};
			name = Release;
		};
/* End XCBuildConfiguration section */

/* Begin XCConfigurationList section */
		82CD7DAC1CC5443F00E0D715 /* Build configuration list for PBXProject "iterm" */ = {
			isa = XCConfigurationList;
			buildConfigurations = (
				82CD7DB61CC5443F00E0D715 /* Debug */,
				82CD7DB71CC5443F00E0D715 /* Release */,
			);
			defaultConfigurationIsVisible = 0;
			defaultConfigurationName = Release;
		};
		82CD7DB81CC5443F00E0D715 /* Build configuration list for PBXNativeTarget "iterm" */ = {
			isa = XCConfigurationList;
			buildConfigurations = (
				82CD7DB91CC5443F00E0D715 /* Debug */,
				82CD7DBA1CC5443F00E0D715 /* Release */,
			);
			defaultConfigurationIsVisible = 0;
			defaultConfigurationName = Release;
		};
/* End XCConfigurationList section */
	};
	rootObject = 82CD7DA91CC5443F00E0D715 /* Project object */;
}
